// !$*UTF8*$!
{
	archiveVersion = 1;
	classes = {
	};
	objectVersion = 50;
	objects = {

/* Begin PBXBuildFile section */
		37B2EA0C2264D39000CD2DE8 /* AppDelegate.swift in Sources */ = {isa = PBXBuildFile; fileRef = 37B2EA0B2264D39000CD2DE8 /* AppDelegate.swift */; };
		37B2EA0E2264D39000CD2DE8 /* ViewController.swift in Sources */ = {isa = PBXBuildFile; fileRef = 37B2EA0D2264D39000CD2DE8 /* ViewController.swift */; };
		37B2EA112264D39000CD2DE8 /* Main.storyboard in Resources */ = {isa = PBXBuildFile; fileRef = 37B2EA0F2264D39000CD2DE8 /* Main.storyboard */; };
		37B2EA132264D39200CD2DE8 /* Assets.xcassets in Resources */ = {isa = PBXBuildFile; fileRef = 37B2EA122264D39200CD2DE8 /* Assets.xcassets */; };
		37B2EA162264D39200CD2DE8 /* LaunchScreen.storyboard in Resources */ = {isa = PBXBuildFile; fileRef = 37B2EA142264D39200CD2DE8 /* LaunchScreen.storyboard */; };
		37B2EA212264D39200CD2DE8 /* TDD_BowlingGameTests.swift in Sources */ = {isa = PBXBuildFile; fileRef = 37B2EA202264D39200CD2DE8 /* TDD_BowlingGameTests.swift */; };
/* End PBXBuildFile section */

/* Begin PBXContainerItemProxy section */
		37B2EA1D2264D39200CD2DE8 /* PBXContainerItemProxy */ = {
			isa = PBXContainerItemProxy;
			containerPortal = 37B2EA002264D39000CD2DE8 /* Project object */;
			proxyType = 1;
			remoteGlobalIDString = 37B2EA072264D39000CD2DE8;
			remoteInfo = "TDD-BowlingGame";
		};
/* End PBXContainerItemProxy section */

/* Begin PBXFileReference section */
		37B2EA082264D39000CD2DE8 /* TDD-BowlingGame.app */ = {isa = PBXFileReference; explicitFileType = wrapper.application; includeInIndex = 0; path = "TDD-BowlingGame.app"; sourceTree = BUILT_PRODUCTS_DIR; };
		37B2EA0B2264D39000CD2DE8 /* AppDelegate.swift */ = {isa = PBXFileReference; lastKnownFileType = sourcecode.swift; path = AppDelegate.swift; sourceTree = "<group>"; };
		37B2EA0D2264D39000CD2DE8 /* ViewController.swift */ = {isa = PBXFileReference; lastKnownFileType = sourcecode.swift; path = ViewController.swift; sourceTree = "<group>"; };
		37B2EA102264D39000CD2DE8 /* Base */ = {isa = PBXFileReference; lastKnownFileType = file.storyboard; name = Base; path = Base.lproj/Main.storyboard; sourceTree = "<group>"; };
		37B2EA122264D39200CD2DE8 /* Assets.xcassets */ = {isa = PBXFileReference; lastKnownFileType = folder.assetcatalog; path = Assets.xcassets; sourceTree = "<group>"; };
		37B2EA152264D39200CD2DE8 /* Base */ = {isa = PBXFileReference; lastKnownFileType = file.storyboard; name = Base; path = Base.lproj/LaunchScreen.storyboard; sourceTree = "<group>"; };
		37B2EA172264D39200CD2DE8 /* Info.plist */ = {isa = PBXFileReference; lastKnownFileType = text.plist.xml; path = Info.plist; sourceTree = "<group>"; };
		37B2EA1C2264D39200CD2DE8 /* TDD-BowlingGameTests.xctest */ = {isa = PBXFileReference; explicitFileType = wrapper.cfbundle; includeInIndex = 0; path = "TDD-BowlingGameTests.xctest"; sourceTree = BUILT_PRODUCTS_DIR; };
		37B2EA202264D39200CD2DE8 /* TDD_BowlingGameTests.swift */ = {isa = PBXFileReference; lastKnownFileType = sourcecode.swift; path = TDD_BowlingGameTests.swift; sourceTree = "<group>"; };
		37B2EA222264D39200CD2DE8 /* Info.plist */ = {isa = PBXFileReference; lastKnownFileType = text.plist.xml; path = Info.plist; sourceTree = "<group>"; };
/* End PBXFileReference section */

/* Begin PBXFrameworksBuildPhase section */
		37B2EA052264D39000CD2DE8 /* Frameworks */ = {
			isa = PBXFrameworksBuildPhase;
			buildActionMask = 2147483647;
			files = (
			);
			runOnlyForDeploymentPostprocessing = 0;
		};
		37B2EA192264D39200CD2DE8 /* Frameworks */ = {
			isa = PBXFrameworksBuildPhase;
			buildActionMask = 2147483647;
			files = (
			);
			runOnlyForDeploymentPostprocessing = 0;
		};
/* End PBXFrameworksBuildPhase section */

/* Begin PBXGroup section */
		37B2E9FF2264D39000CD2DE8 = {
			isa = PBXGroup;
			children = (
				37B2EA0A2264D39000CD2DE8 /* TDD-BowlingGame */,
				37B2EA1F2264D39200CD2DE8 /* TDD-BowlingGameTests */,
				37B2EA092264D39000CD2DE8 /* Products */,
			);
			sourceTree = "<group>";
		};
		37B2EA092264D39000CD2DE8 /* Products */ = {
			isa = PBXGroup;
			children = (
				37B2EA082264D39000CD2DE8 /* TDD-BowlingGame.app */,
				37B2EA1C2264D39200CD2DE8 /* TDD-BowlingGameTests.xctest */,
			);
			name = Products;
			sourceTree = "<group>";
		};
		37B2EA0A2264D39000CD2DE8 /* TDD-BowlingGame */ = {
			isa = PBXGroup;
			children = (
				37B2EA0B2264D39000CD2DE8 /* AppDelegate.swift */,
				37B2EA0D2264D39000CD2DE8 /* ViewController.swift */,
				37B2EA0F2264D39000CD2DE8 /* Main.storyboard */,
				37B2EA122264D39200CD2DE8 /* Assets.xcassets */,
				37B2EA142264D39200CD2DE8 /* LaunchScreen.storyboard */,
				37B2EA172264D39200CD2DE8 /* Info.plist */,
			);
			path = "TDD-BowlingGame";
			sourceTree = "<group>";
		};
		37B2EA1F2264D39200CD2DE8 /* TDD-BowlingGameTests */ = {
			isa = PBXGroup;
			children = (
				37B2EA202264D39200CD2DE8 /* TDD_BowlingGameTests.swift */,
				37B2EA222264D39200CD2DE8 /* Info.plist */,
			);
			path = "TDD-BowlingGameTests";
			sourceTree = "<group>";
		};
/* End PBXGroup section */

/* Begin PBXNativeTarget section */
		37B2EA072264D39000CD2DE8 /* TDD-BowlingGame */ = {
			isa = PBXNativeTarget;
			buildConfigurationList = 37B2EA252264D39200CD2DE8 /* Build configuration list for PBXNativeTarget "TDD-BowlingGame" */;
			buildPhases = (
				37B2EA042264D39000CD2DE8 /* Sources */,
				37B2EA052264D39000CD2DE8 /* Frameworks */,
				37B2EA062264D39000CD2DE8 /* Resources */,
			);
			buildRules = (
			);
			dependencies = (
			);
			name = "TDD-BowlingGame";
			productName = "TDD-BowlingGame";
			productReference = 37B2EA082264D39000CD2DE8 /* TDD-BowlingGame.app */;
			productType = "com.apple.product-type.application";
		};
		37B2EA1B2264D39200CD2DE8 /* TDD-BowlingGameTests */ = {
			isa = PBXNativeTarget;
			buildConfigurationList = 37B2EA282264D39200CD2DE8 /* Build configuration list for PBXNativeTarget "TDD-BowlingGameTests" */;
			buildPhases = (
				37B2EA182264D39200CD2DE8 /* Sources */,
				37B2EA192264D39200CD2DE8 /* Frameworks */,
				37B2EA1A2264D39200CD2DE8 /* Resources */,
			);
			buildRules = (
			);
			dependencies = (
				37B2EA1E2264D39200CD2DE8 /* PBXTargetDependency */,
			);
			name = "TDD-BowlingGameTests";
			productName = "TDD-BowlingGameTests";
			productReference = 37B2EA1C2264D39200CD2DE8 /* TDD-BowlingGameTests.xctest */;
			productType = "com.apple.product-type.bundle.unit-test";
		};
/* End PBXNativeTarget section */

/* Begin PBXProject section */
		37B2EA002264D39000CD2DE8 /* Project object */ = {
			isa = PBXProject;
			attributes = {
				LastSwiftUpdateCheck = 1020;
				LastUpgradeCheck = 1020;
				ORGANIZATIONNAME = "Quintessa Anderson";
				TargetAttributes = {
					37B2EA072264D39000CD2DE8 = {
						CreatedOnToolsVersion = 10.2;
					};
					37B2EA1B2264D39200CD2DE8 = {
						CreatedOnToolsVersion = 10.2;
						TestTargetID = 37B2EA072264D39000CD2DE8;
					};
				};
			};
			buildConfigurationList = 37B2EA032264D39000CD2DE8 /* Build configuration list for PBXProject "TDD-BowlingGame" */;
			compatibilityVersion = "Xcode 9.3";
			developmentRegion = en;
			hasScannedForEncodings = 0;
			knownRegions = (
				en,
				Base,
			);
			mainGroup = 37B2E9FF2264D39000CD2DE8;
			productRefGroup = 37B2EA092264D39000CD2DE8 /* Products */;
			projectDirPath = "";
			projectRoot = "";
			targets = (
				37B2EA072264D39000CD2DE8 /* TDD-BowlingGame */,
				37B2EA1B2264D39200CD2DE8 /* TDD-BowlingGameTests */,
			);
		};
/* End PBXProject section */

/* Begin PBXResourcesBuildPhase section */
		37B2EA062264D39000CD2DE8 /* Resources */ = {
			isa = PBXResourcesBuildPhase;
			buildActionMask = 2147483647;
			files = (
				37B2EA162264D39200CD2DE8 /* LaunchScreen.storyboard in Resources */,
				37B2EA132264D39200CD2DE8 /* Assets.xcassets in Resources */,
				37B2EA112264D39000CD2DE8 /* Main.storyboard in Resources */,
			);
			runOnlyForDeploymentPostprocessing = 0;
		};
		37B2EA1A2264D39200CD2DE8 /* Resources */ = {
			isa = PBXResourcesBuildPhase;
			buildActionMask = 2147483647;
			files = (
			);
			runOnlyForDeploymentPostprocessing = 0;
		};
/* End PBXResourcesBuildPhase section */

/* Begin PBXSourcesBuildPhase section */
		37B2EA042264D39000CD2DE8 /* Sources */ = {
			isa = PBXSourcesBuildPhase;
			buildActionMask = 2147483647;
			files = (
				37B2EA0E2264D39000CD2DE8 /* ViewController.swift in Sources */,
				37B2EA0C2264D39000CD2DE8 /* AppDelegate.swift in Sources */,
			);
			runOnlyForDeploymentPostprocessing = 0;
		};
		37B2EA182264D39200CD2DE8 /* Sources */ = {
			isa = PBXSourcesBuildPhase;
			buildActionMask = 2147483647;
			files = (
				37B2EA212264D39200CD2DE8 /* TDD_BowlingGameTests.swift in Sources */,
			);
			runOnlyForDeploymentPostprocessing = 0;
		};
/* End PBXSourcesBuildPhase section */

/* Begin PBXTargetDependency section */
		37B2EA1E2264D39200CD2DE8 /* PBXTargetDependency */ = {
			isa = PBXTargetDependency;
			target = 37B2EA072264D39000CD2DE8 /* TDD-BowlingGame */;
			targetProxy = 37B2EA1D2264D39200CD2DE8 /* PBXContainerItemProxy */;
		};
/* End PBXTargetDependency section */

/* Begin PBXVariantGroup section */
		37B2EA0F2264D39000CD2DE8 /* Main.storyboard */ = {
			isa = PBXVariantGroup;
			children = (
				37B2EA102264D39000CD2DE8 /* Base */,
			);
			name = Main.storyboard;
			sourceTree = "<group>";
		};
		37B2EA142264D39200CD2DE8 /* LaunchScreen.storyboard */ = {
			isa = PBXVariantGroup;
			children = (
				37B2EA152264D39200CD2DE8 /* Base */,
			);
			name = LaunchScreen.storyboard;
			sourceTree = "<group>";
		};
/* End PBXVariantGroup section */

/* Begin XCBuildConfiguration section */
		37B2EA232264D39200CD2DE8 /* Debug */ = {
			isa = XCBuildConfiguration;
			buildSettings = {
				ALWAYS_SEARCH_USER_PATHS = NO;
				CLANG_ANALYZER_NONNULL = YES;
				CLANG_ANALYZER_NUMBER_OBJECT_CONVERSION = YES_AGGRESSIVE;
				CLANG_CXX_LANGUAGE_STANDARD = "gnu++14";
				CLANG_CXX_LIBRARY = "libc++";
				CLANG_ENABLE_MODULES = YES;
				CLANG_ENABLE_OBJC_ARC = YES;
				CLANG_ENABLE_OBJC_WEAK = YES;
				CLANG_WARN_BLOCK_CAPTURE_AUTORELEASING = YES;
				CLANG_WARN_BOOL_CONVERSION = YES;
				CLANG_WARN_COMMA = YES;
				CLANG_WARN_CONSTANT_CONVERSION = YES;
				CLANG_WARN_DEPRECATED_OBJC_IMPLEMENTATIONS = YES;
				CLANG_WARN_DIRECT_OBJC_ISA_USAGE = YES_ERROR;
				CLANG_WARN_DOCUMENTATION_COMMENTS = YES;
				CLANG_WARN_EMPTY_BODY = YES;
				CLANG_WARN_ENUM_CONVERSION = YES;
				CLANG_WARN_INFINITE_RECURSION = YES;
				CLANG_WARN_INT_CONVERSION = YES;
				CLANG_WARN_NON_LITERAL_NULL_CONVERSION = YES;
				CLANG_WARN_OBJC_IMPLICIT_RETAIN_SELF = YES;
				CLANG_WARN_OBJC_LITERAL_CONVERSION = YES;
				CLANG_WARN_OBJC_ROOT_CLASS = YES_ERROR;
				CLANG_WARN_RANGE_LOOP_ANALYSIS = YES;
				CLANG_WARN_STRICT_PROTOTYPES = YES;
				CLANG_WARN_SUSPICIOUS_MOVE = YES;
				CLANG_WARN_UNGUARDED_AVAILABILITY = YES_AGGRESSIVE;
				CLANG_WARN_UNREACHABLE_CODE = YES;
				CLANG_WARN__DUPLICATE_METHOD_MATCH = YES;
				CODE_SIGN_IDENTITY = "iPhone Developer";
				COPY_PHASE_STRIP = NO;
				DEBUG_INFORMATION_FORMAT = dwarf;
				ENABLE_STRICT_OBJC_MSGSEND = YES;
				ENABLE_TESTABILITY = YES;
				GCC_C_LANGUAGE_STANDARD = gnu11;
				GCC_DYNAMIC_NO_PIC = NO;
				GCC_NO_COMMON_BLOCKS = YES;
				GCC_OPTIMIZATION_LEVEL = 0;
				GCC_PREPROCESSOR_DEFINITIONS = (
					"DEBUG=1",
					"$(inherited)",
				);
				GCC_WARN_64_TO_32_BIT_CONVERSION = YES;
				GCC_WARN_ABOUT_RETURN_TYPE = YES_ERROR;
				GCC_WARN_UNDECLARED_SELECTOR = YES;
				GCC_WARN_UNINITIALIZED_AUTOS = YES_AGGRESSIVE;
				GCC_WARN_UNUSED_FUNCTION = YES;
				GCC_WARN_UNUSED_VARIABLE = YES;
				IPHONEOS_DEPLOYMENT_TARGET = 12.2;
				MTL_ENABLE_DEBUG_INFO = INCLUDE_SOURCE;
				MTL_FAST_MATH = YES;
				ONLY_ACTIVE_ARCH = YES;
				SDKROOT = iphoneos;
				SWIFT_ACTIVE_COMPILATION_CONDITIONS = DEBUG;
				SWIFT_OPTIMIZATION_LEVEL = "-Onone";
			};
			name = Debug;
		};
		37B2EA242264D39200CD2DE8 /* Release */ = {
			isa = XCBuildConfiguration;
			buildSettings = {
				ALWAYS_SEARCH_USER_PATHS = NO;
				CLANG_ANALYZER_NONNULL = YES;
				CLANG_ANALYZER_NUMBER_OBJECT_CONVERSION = YES_AGGRESSIVE;
				CLANG_CXX_LANGUAGE_STANDARD = "gnu++14";
				CLANG_CXX_LIBRARY = "libc++";
				CLANG_ENABLE_MODULES = YES;
				CLANG_ENABLE_OBJC_ARC = YES;
				CLANG_ENABLE_OBJC_WEAK = YES;
				CLANG_WARN_BLOCK_CAPTURE_AUTORELEASING = YES;
				CLANG_WARN_BOOL_CONVERSION = YES;
				CLANG_WARN_COMMA = YES;
				CLANG_WARN_CONSTANT_CONVERSION = YES;
				CLANG_WARN_DEPRECATED_OBJC_IMPLEMENTATIONS = YES;
				CLANG_WARN_DIRECT_OBJC_ISA_USAGE = YES_ERROR;
				CLANG_WARN_DOCUMENTATION_COMMENTS = YES;
				CLANG_WARN_EMPTY_BODY = YES;
				CLANG_WARN_ENUM_CONVERSION = YES;
				CLANG_WARN_INFINITE_RECURSION = YES;
				CLANG_WARN_INT_CONVERSION = YES;
				CLANG_WARN_NON_LITERAL_NULL_CONVERSION = YES;
				CLANG_WARN_OBJC_IMPLICIT_RETAIN_SELF = YES;
				CLANG_WARN_OBJC_LITERAL_CONVERSION = YES;
				CLANG_WARN_OBJC_ROOT_CLASS = YES_ERROR;
				CLANG_WARN_RANGE_LOOP_ANALYSIS = YES;
				CLANG_WARN_STRICT_PROTOTYPES = YES;
				CLANG_WARN_SUSPICIOUS_MOVE = YES;
				CLANG_WARN_UNGUARDED_AVAILABILITY = YES_AGGRESSIVE;
				CLANG_WARN_UNREACHABLE_CODE = YES;
				CLANG_WARN__DUPLICATE_METHOD_MATCH = YES;
				CODE_SIGN_IDENTITY = "iPhone Developer";
				COPY_PHASE_STRIP = NO;
				DEBUG_INFORMATION_FORMAT = "dwarf-with-dsym";
				ENABLE_NS_ASSERTIONS = NO;
				ENABLE_STRICT_OBJC_MSGSEND = YES;
				GCC_C_LANGUAGE_STANDARD = gnu11;
				GCC_NO_COMMON_BLOCKS = YES;
				GCC_WARN_64_TO_32_BIT_CONVERSION = YES;
				GCC_WARN_ABOUT_RETURN_TYPE = YES_ERROR;
				GCC_WARN_UNDECLARED_SELECTOR = YES;
				GCC_WARN_UNINITIALIZED_AUTOS = YES_AGGRESSIVE;
				GCC_WARN_UNUSED_FUNCTION = YES;
				GCC_WARN_UNUSED_VARIABLE = YES;
				IPHONEOS_DEPLOYMENT_TARGET = 12.2;
				MTL_ENABLE_DEBUG_INFO = NO;
				MTL_FAST_MATH = YES;
				SDKROOT = iphoneos;
				SWIFT_COMPILATION_MODE = wholemodule;
				SWIFT_OPTIMIZATION_LEVEL = "-O";
				VALIDATE_PRODUCT = YES;
			};
			name = Release;
		};
		37B2EA262264D39200CD2DE8 /* Debug */ = {
			isa = XCBuildConfiguration;
			buildSettings = {
				ASSETCATALOG_COMPILER_APPICON_NAME = AppIcon;
				CODE_SIGN_STYLE = Automatic;
				INFOPLIST_FILE = "TDD-BowlingGame/Info.plist";
				LD_RUNPATH_SEARCH_PATHS = (
					"$(inherited)",
					"@executable_path/Frameworks",
				);
				PRODUCT_BUNDLE_IDENTIFIER = "com.8thlight.TDD-BowlingGame";
				PRODUCT_NAME = "$(TARGET_NAME)";
				SWIFT_VERSION = 5.0;
				TARGETED_DEVICE_FAMILY = "1,2";
			};
			name = Debug;
		};
		37B2EA272264D39200CD2DE8 /* Release */ = {
			isa = XCBuildConfiguration;
			buildSettings = {
				ASSETCATALOG_COMPILER_APPICON_NAME = AppIcon;
				CODE_SIGN_STYLE = Automatic;
				INFOPLIST_FILE = "TDD-BowlingGame/Info.plist";
				LD_RUNPATH_SEARCH_PATHS = (
					"$(inherited)",
					"@executable_path/Frameworks",
				);
				PRODUCT_BUNDLE_IDENTIFIER = "com.8thlight.TDD-BowlingGame";
				PRODUCT_NAME = "$(TARGET_NAME)";
				SWIFT_VERSION = 5.0;
				TARGETED_DEVICE_FAMILY = "1,2";
			};
			name = Release;
		};
		37B2EA292264D39200CD2DE8 /* Debug */ = {
			isa = XCBuildConfiguration;
			buildSettings = {
				ALWAYS_EMBED_SWIFT_STANDARD_LIBRARIES = YES;
				BUNDLE_LOADER = "$(TEST_HOST)";
				CODE_SIGN_STYLE = Automatic;
				INFOPLIST_FILE = "TDD-BowlingGameTests/Info.plist";
				LD_RUNPATH_SEARCH_PATHS = (
					"$(inherited)",
					"@executable_path/Frameworks",
					"@loader_path/Frameworks",
				);
				PRODUCT_BUNDLE_IDENTIFIER = "com.8thlight.TDD-BowlingGameTests";
				PRODUCT_NAME = "$(TARGET_NAME)";
				SWIFT_VERSION = 5.0;
				TARGETED_DEVICE_FAMILY = "1,2";
				TEST_HOST = "$(BUILT_PRODUCTS_DIR)/TDD-BowlingGame.app/TDD-BowlingGame";
			};
			name = Debug;
		};
		37B2EA2A2264D39200CD2DE8 /* Release */ = {
			isa = XCBuildConfiguration;
			buildSettings = {
				ALWAYS_EMBED_SWIFT_STANDARD_LIBRARIES = YES;
				BUNDLE_LOADER = "$(TEST_HOST)";
				CODE_SIGN_STYLE = Automatic;
				INFOPLIST_FILE = "TDD-BowlingGameTests/Info.plist";
				LD_RUNPATH_SEARCH_PATHS = (
					"$(inherited)",
					"@executable_path/Frameworks",
					"@loader_path/Frameworks",
				);
				PRODUCT_BUNDLE_IDENTIFIER = "com.8thlight.TDD-BowlingGameTests";
				PRODUCT_NAME = "$(TARGET_NAME)";
				SWIFT_VERSION = 5.0;
				TARGETED_DEVICE_FAMILY = "1,2";
				TEST_HOST = "$(BUILT_PRODUCTS_DIR)/TDD-BowlingGame.app/TDD-BowlingGame";
			};
			name = Release;
		};
/* End XCBuildConfiguration section */

/* Begin XCConfigurationList section */
		37B2EA032264D39000CD2DE8 /* Build configuration list for PBXProject "TDD-BowlingGame" */ = {
			isa = XCConfigurationList;
			buildConfigurations = (
				37B2EA232264D39200CD2DE8 /* Debug */,
				37B2EA242264D39200CD2DE8 /* Release */,
			);
			defaultConfigurationIsVisible = 0;
			defaultConfigurationName = Release;
		};
		37B2EA252264D39200CD2DE8 /* Build configuration list for PBXNativeTarget "TDD-BowlingGame" */ = {
			isa = XCConfigurationList;
			buildConfigurations = (
				37B2EA262264D39200CD2DE8 /* Debug */,
				37B2EA272264D39200CD2DE8 /* Release */,
			);
			defaultConfigurationIsVisible = 0;
			defaultConfigurationName = Release;
		};
		37B2EA282264D39200CD2DE8 /* Build configuration list for PBXNativeTarget "TDD-BowlingGameTests" */ = {
			isa = XCConfigurationList;
			buildConfigurations = (
				37B2EA292264D39200CD2DE8 /* Debug */,
				37B2EA2A2264D39200CD2DE8 /* Release */,
			);
			defaultConfigurationIsVisible = 0;
			defaultConfigurationName = Release;
		};
/* End XCConfigurationList section */
	};
	rootObject = 37B2EA002264D39000CD2DE8 /* Project object */;
}
